
Microsoft Visual Studio Solution File, Format Version 12.00
# Visual Studio Version 17
VisualStudioVersion = 17.5.33516.290
MinimumVisualStudioVersion = 10.0.40219.1
Project("{FAE04EC0-301F-11D3-BF4B-00C04F79EFBC}") = "M01S09.Aula01", "M01S09\M01S09.Aula01.csproj", "{8333119A-CCD2-42A6-81F7-A9514F5F50C7}"
EndProject
Project("{FAE04EC0-301F-11D3-BF4B-00C04F79EFBC}") = "M01S09.Aula02", "M01S09.Aula02\M01S09.Aula02.csproj", "{02AC51D0-B6D3-4BD8-B39B-A90E69F8F726}"
EndProject
Project("{FAE04EC0-301F-11D3-BF4B-00C04F79EFBC}") = "M01S09.Aula02.FluentApi", "M01S09.Aula02.FluentApi\M01S09.Aula02.FluentApi.csproj", "{161F9651-3511-4D2D-8164-D418723122A7}"
EndProject
Project("{FAE04EC0-301F-11D3-BF4B-00C04F79EFBC}") = "M01S09.Aula03.ExercicioFloricultura", "M01S09.Aula03.ExercicioFloricultura\M01S09.Aula03.ExercicioFloricultura.csproj", "{5B6C0245-D789-4D07-8EFE-BEB2791693FC}"
EndProject
Project("{FAE04EC0-301F-11D3-BF4B-00C04F79EFBC}") = "M01S09.Aula04.DatabaseFirst", "M01S09.Aula04.DatabaseFirst\M01S09.Aula04.DatabaseFirst.csproj", "{D9E9F43C-D385-40F3-A77B-8FA2AB6BD10C}"
EndProject
Global
	GlobalSection(SolutionConfigurationPlatforms) = preSolution
		Debug|Any CPU = Debug|Any CPU
		Release|Any CPU = Release|Any CPU
	EndGlobalSection
	GlobalSection(ProjectConfigurationPlatforms) = postSolution
		{8333119A-CCD2-42A6-81F7-A9514F5F50C7}.Debug|Any CPU.ActiveCfg = Debug|Any CPU
		{8333119A-CCD2-42A6-81F7-A9514F5F50C7}.Debug|Any CPU.Build.0 = Debug|Any CPU
		{8333119A-CCD2-42A6-81F7-A9514F5F50C7}.Release|Any CPU.ActiveCfg = Release|Any CPU
		{8333119A-CCD2-42A6-81F7-A9514F5F50C7}.Release|Any CPU.Build.0 = Release|Any CPU
		{02AC51D0-B6D3-4BD8-B39B-A90E69F8F726}.Debug|Any CPU.ActiveCfg = Debug|Any CPU
		{02AC51D0-B6D3-4BD8-B39B-A90E69F8F726}.Debug|Any CPU.Build.0 = Debug|Any CPU
		{02AC51D0-B6D3-4BD8-B39B-A90E69F8F726}.Release|Any CPU.ActiveCfg = Release|Any CPU
		{02AC51D0-B6D3-4BD8-B39B-A90E69F8F726}.Release|Any CPU.Build.0 = Release|Any CPU
		{161F9651-3511-4D2D-8164-D418723122A7}.Debug|Any CPU.ActiveCfg = Debug|Any CPU
		{161F9651-3511-4D2D-8164-D418723122A7}.Debug|Any CPU.Build.0 = Debug|Any CPU
		{161F9651-3511-4D2D-8164-D418723122A7}.Release|Any CPU.ActiveCfg = Release|Any CPU
		{161F9651-3511-4D2D-8164-D418723122A7}.Release|Any CPU.Build.0 = Release|Any CPU
		{5B6C0245-D789-4D07-8EFE-BEB2791693FC}.Debug|Any CPU.ActiveCfg = Debug|Any CPU
		{5B6C0245-D789-4D07-8EFE-BEB2791693FC}.Debug|Any CPU.Build.0 = Debug|Any CPU
		{5B6C0245-D789-4D07-8EFE-BEB2791693FC}.Release|Any CPU.ActiveCfg = Release|Any CPU
		{5B6C0245-D789-4D07-8EFE-BEB2791693FC}.Release|Any CPU.Build.0 = Release|Any CPU
		{D9E9F43C-D385-40F3-A77B-8FA2AB6BD10C}.Debug|Any CPU.ActiveCfg = Debug|Any CPU
		{D9E9F43C-D385-40F3-A77B-8FA2AB6BD10C}.Debug|Any CPU.Build.0 = Debug|Any CPU
		{D9E9F43C-D385-40F3-A77B-8FA2AB6BD10C}.Release|Any CPU.ActiveCfg = Release|Any CPU
		{D9E9F43C-D385-40F3-A77B-8FA2AB6BD10C}.Release|Any CPU.Build.0 = Release|Any CPU
	EndGlobalSection
	GlobalSection(SolutionProperties) = preSolution
		HideSolutionNode = FALSE
	EndGlobalSection
	GlobalSection(ExtensibilityGlobals) = postSolution
		SolutionGuid = {0CE323D9-08CC-4D24-8B53-514E06AB8E3A}
	EndGlobalSection
EndGlobal
